// !$*UTF8*$!
{
	archiveVersion = 1;
	classes = {
	};
	objectVersion = 46;
	objects = {

/* Begin PBXBuildFile section */
		1F11FD471D8DD958008D59A6 /* main.swift in Sources */ = {isa = PBXBuildFile; fileRef = 1F11FD461D8DD958008D59A6 /* main.swift */; };
		1F11FD541D8DDC55008D59A6 /* NormanScriptTests.swift in Sources */ = {isa = PBXBuildFile; fileRef = 1F11FD531D8DDC55008D59A6 /* NormanScriptTests.swift */; };
		1F11FD591D8DDD53008D59A6 /* main.swift in Sources */ = {isa = PBXBuildFile; fileRef = 1F11FD461D8DD958008D59A6 /* main.swift */; };
		1F11FD5B1D8E73AA008D59A6 /* SwiftExtensions.swift in Sources */ = {isa = PBXBuildFile; fileRef = 1F11FD5A1D8E73AA008D59A6 /* SwiftExtensions.swift */; };
		1F11FD5D1D8E7434008D59A6 /* Shape.swift in Sources */ = {isa = PBXBuildFile; fileRef = 1F11FD5C1D8E7434008D59A6 /* Shape.swift */; };
		1F11FD5F1D8E74A9008D59A6 /* DisplayProperties.swift in Sources */ = {isa = PBXBuildFile; fileRef = 1F11FD5E1D8E74A9008D59A6 /* DisplayProperties.swift */; };
		1F11FD621D8E7580008D59A6 /* Line.swift in Sources */ = {isa = PBXBuildFile; fileRef = 1F11FD611D8E7580008D59A6 /* Line.swift */; };
		1F1D10B91E312DDD00C3C0DD /* Floating_Shelves.swift in Sources */ = {isa = PBXBuildFile; fileRef = 1F1D10B81E312DDD00C3C0DD /* Floating_Shelves.swift */; };
		1F1D10BB1E31635400C3C0DD /* Polyline.swift in Sources */ = {isa = PBXBuildFile; fileRef = 1F1D10BA1E31635400C3C0DD /* Polyline.swift */; };
		1F1D10BE1E316CDB00C3C0DD /* Color.swift in Sources */ = {isa = PBXBuildFile; fileRef = 1F1D10BD1E316CDB00C3C0DD /* Color.swift */; };
		1F39582A1DE7DCB50051F044 /* Matrix.swift in Sources */ = {isa = PBXBuildFile; fileRef = 1F3958291DE7DCB50051F044 /* Matrix.swift */; };
		1F39582C1DE7E9580051F044 /* Point.swift in Sources */ = {isa = PBXBuildFile; fileRef = 1F39582B1DE7E9580051F044 /* Point.swift */; };
		1F43A7381E27EEB600B7CA9D /* Rectangle.swift in Sources */ = {isa = PBXBuildFile; fileRef = 1F43A7371E27EEB600B7CA9D /* Rectangle.swift */; };
		1F43A73A1E27EED600B7CA9D /* Paperweight.swift in Sources */ = {isa = PBXBuildFile; fileRef = 1F43A7391E27EED600B7CA9D /* Paperweight.swift */; };
		1F54879E1E16CACC00FD4D59 /* Circle.swift in Sources */ = {isa = PBXBuildFile; fileRef = 1F11FD631D8E7597008D59A6 /* Circle.swift */; };
		1F5487A11E17982200FD4D59 /* SVGPath.swift in Sources */ = {isa = PBXBuildFile; fileRef = 1F5487A01E17982200FD4D59 /* SVGPath.swift */; };
		1F5487A31E17A2B100FD4D59 /* Corner.swift in Sources */ = {isa = PBXBuildFile; fileRef = 1F5487A21E17A2B100FD4D59 /* Corner.swift */; };
		1F5487A51E17A2E100FD4D59 /* RoundedPolygon.swift in Sources */ = {isa = PBXBuildFile; fileRef = 1F5487A41E17A2E100FD4D59 /* RoundedPolygon.swift */; };
		1F5C2BB71D9B012300BFA222 /* ExportFunctions.swift in Sources */ = {isa = PBXBuildFile; fileRef = 1F5C2BB61D9B012300BFA222 /* ExportFunctions.swift */; };
		1F5C2BB91D9B02B200BFA222 /* MathFunctions.swift in Sources */ = {isa = PBXBuildFile; fileRef = 1F5C2BB81D9B02B200BFA222 /* MathFunctions.swift */; };
		1F6351DA1E09ABE20019B93D /* Trapezoid.swift in Sources */ = {isa = PBXBuildFile; fileRef = 1F6351D91E09ABE20019B93D /* Trapezoid.swift */; };
		1F6351DE1E0D918A0019B93D /* Polygon.swift in Sources */ = {isa = PBXBuildFile; fileRef = 1F3958361DEE6AB90051F044 /* Polygon.swift */; };
		1FBE330C1E1A180E0078CFC1 /* Tiny_Piano.swift in Sources */ = {isa = PBXBuildFile; fileRef = 1F6351E11E1575CF0019B93D /* Tiny_Piano.swift */; };
/* End PBXBuildFile section */

/* Begin PBXCopyFilesBuildPhase section */
		1F11FD411D8DD958008D59A6 /* CopyFiles */ = {
			isa = PBXCopyFilesBuildPhase;
			buildActionMask = 2147483647;
			dstPath = /usr/share/man/man1/;
			dstSubfolderSpec = 0;
			files = (
			);
			runOnlyForDeploymentPostprocessing = 1;
		};
/* End PBXCopyFilesBuildPhase section */

/* Begin PBXFileReference section */
		1F11FD431D8DD958008D59A6 /* NormanScript */ = {isa = PBXFileReference; explicitFileType = "compiled.mach-o.executable"; includeInIndex = 0; path = NormanScript; sourceTree = BUILT_PRODUCTS_DIR; };
		1F11FD461D8DD958008D59A6 /* main.swift */ = {isa = PBXFileReference; lastKnownFileType = sourcecode.swift; path = main.swift; sourceTree = "<group>"; };
		1F11FD511D8DDC55008D59A6 /* NormanScriptTests.xctest */ = {isa = PBXFileReference; explicitFileType = wrapper.cfbundle; includeInIndex = 0; path = NormanScriptTests.xctest; sourceTree = BUILT_PRODUCTS_DIR; };
		1F11FD531D8DDC55008D59A6 /* NormanScriptTests.swift */ = {isa = PBXFileReference; lastKnownFileType = sourcecode.swift; path = NormanScriptTests.swift; sourceTree = "<group>"; };
		1F11FD551D8DDC55008D59A6 /* Info.plist */ = {isa = PBXFileReference; lastKnownFileType = text.plist.xml; path = Info.plist; sourceTree = "<group>"; };
		1F11FD5A1D8E73AA008D59A6 /* SwiftExtensions.swift */ = {isa = PBXFileReference; fileEncoding = 4; lastKnownFileType = sourcecode.swift; name = SwiftExtensions.swift; path = SourceCode/SwiftExtensions.swift; sourceTree = "<group>"; };
		1F11FD5C1D8E7434008D59A6 /* Shape.swift */ = {isa = PBXFileReference; fileEncoding = 4; lastKnownFileType = sourcecode.swift; name = Shape.swift; path = SourceCode/Shape.swift; sourceTree = "<group>"; };
		1F11FD5E1D8E74A9008D59A6 /* DisplayProperties.swift */ = {isa = PBXFileReference; fileEncoding = 4; lastKnownFileType = sourcecode.swift; name = DisplayProperties.swift; path = SourceCode/DisplayProperties.swift; sourceTree = "<group>"; };
		1F11FD611D8E7580008D59A6 /* Line.swift */ = {isa = PBXFileReference; fileEncoding = 4; lastKnownFileType = sourcecode.swift; name = Line.swift; path = SourceCode/Line.swift; sourceTree = "<group>"; };
		1F11FD631D8E7597008D59A6 /* Circle.swift */ = {isa = PBXFileReference; fileEncoding = 4; lastKnownFileType = sourcecode.swift; name = Circle.swift; path = SourceCode/Circle.swift; sourceTree = "<group>"; };
		1F1D10B81E312DDD00C3C0DD /* Floating_Shelves.swift */ = {isa = PBXFileReference; fileEncoding = 4; lastKnownFileType = sourcecode.swift; name = Floating_Shelves.swift; path = Designs/Floating_Shelves.swift; sourceTree = "<group>"; };
		1F1D10BA1E31635400C3C0DD /* Polyline.swift */ = {isa = PBXFileReference; fileEncoding = 4; lastKnownFileType = sourcecode.swift; name = Polyline.swift; path = SourceCode/Polyline.swift; sourceTree = "<group>"; };
		1F1D10BD1E316CDB00C3C0DD /* Color.swift */ = {isa = PBXFileReference; fileEncoding = 4; lastKnownFileType = sourcecode.swift; name = Color.swift; path = SourceCode/Color.swift; sourceTree = "<group>"; };
		1F3958291DE7DCB50051F044 /* Matrix.swift */ = {isa = PBXFileReference; fileEncoding = 4; lastKnownFileType = sourcecode.swift; name = Matrix.swift; path = SourceCode/Matrix.swift; sourceTree = "<group>"; };
		1F39582B1DE7E9580051F044 /* Point.swift */ = {isa = PBXFileReference; fileEncoding = 4; lastKnownFileType = sourcecode.swift; name = Point.swift; path = SourceCode/Point.swift; sourceTree = "<group>"; };
		1F3958361DEE6AB90051F044 /* Polygon.swift */ = {isa = PBXFileReference; fileEncoding = 4; lastKnownFileType = sourcecode.swift; name = Polygon.swift; path = SourceCode/Polygon.swift; sourceTree = "<group>"; };
		1F3958391DEE6D720051F044 /* Dragon_Curve.swift */ = {isa = PBXFileReference; fileEncoding = 4; lastKnownFileType = sourcecode.swift; name = Dragon_Curve.swift; path = Designs/Dragon_Curve.swift; sourceTree = "<group>"; };
		1F39583B1DEE6F100051F044 /* _Pentagon.swift */ = {isa = PBXFileReference; fileEncoding = 4; lastKnownFileType = sourcecode.swift; name = _Pentagon.swift; path = SourceCode/_Pentagon.swift; sourceTree = "<group>"; };
		1F43A7371E27EEB600B7CA9D /* Rectangle.swift */ = {isa = PBXFileReference; fileEncoding = 4; lastKnownFileType = sourcecode.swift; name = Rectangle.swift; path = SourceCode/Rectangle.swift; sourceTree = "<group>"; };
		1F43A7391E27EED600B7CA9D /* Paperweight.swift */ = {isa = PBXFileReference; fileEncoding = 4; lastKnownFileType = sourcecode.swift; name = Paperweight.swift; path = Designs/Paperweight.swift; sourceTree = "<group>"; };
		1F5487A01E17982200FD4D59 /* SVGPath.swift */ = {isa = PBXFileReference; fileEncoding = 4; lastKnownFileType = sourcecode.swift; name = SVGPath.swift; path = SourceCode/SVGPath.swift; sourceTree = "<group>"; };
		1F5487A21E17A2B100FD4D59 /* Corner.swift */ = {isa = PBXFileReference; fileEncoding = 4; lastKnownFileType = sourcecode.swift; name = Corner.swift; path = SourceCode/Corner.swift; sourceTree = "<group>"; };
		1F5487A41E17A2E100FD4D59 /* RoundedPolygon.swift */ = {isa = PBXFileReference; fileEncoding = 4; lastKnownFileType = sourcecode.swift; name = RoundedPolygon.swift; path = SourceCode/RoundedPolygon.swift; sourceTree = "<group>"; };
		1F5C2BB61D9B012300BFA222 /* ExportFunctions.swift */ = {isa = PBXFileReference; fileEncoding = 4; lastKnownFileType = sourcecode.swift; name = ExportFunctions.swift; path = SourceCode/ExportFunctions.swift; sourceTree = "<group>"; };
		1F5C2BB81D9B02B200BFA222 /* MathFunctions.swift */ = {isa = PBXFileReference; fileEncoding = 4; lastKnownFileType = sourcecode.swift; name = MathFunctions.swift; path = SourceCode/MathFunctions.swift; sourceTree = "<group>"; };
		1F6351D91E09ABE20019B93D /* Trapezoid.swift */ = {isa = PBXFileReference; fileEncoding = 4; lastKnownFileType = sourcecode.swift; name = Trapezoid.swift; path = SourceCode/Trapezoid.swift; sourceTree = "<group>"; };
		1F6351DF1E0E2A260019B93D /* Fireplace.swift */ = {isa = PBXFileReference; fileEncoding = 4; lastKnownFileType = sourcecode.swift; name = Fireplace.swift; path = Designs/Fireplace.swift; sourceTree = "<group>"; };
		1F6351E11E1575CF0019B93D /* Tiny_Piano.swift */ = {isa = PBXFileReference; fileEncoding = 4; lastKnownFileType = sourcecode.swift; name = Tiny_Piano.swift; path = Designs/Tiny_Piano.swift; sourceTree = "<group>"; };
		1FD863341E059FB500C12C3D /* Pentagon_Flower.swift */ = {isa = PBXFileReference; fileEncoding = 4; lastKnownFileType = sourcecode.swift; name = Pentagon_Flower.swift; path = Designs/Pentagon_Flower.swift; sourceTree = "<group>"; };
/* End PBXFileReference section */

/* Begin PBXFrameworksBuildPhase section */
		1F11FD401D8DD958008D59A6 /* Frameworks */ = {
			isa = PBXFrameworksBuildPhase;
			buildActionMask = 2147483647;
			files = (
			);
			runOnlyForDeploymentPostprocessing = 0;
		};
		1F11FD4E1D8DDC55008D59A6 /* Frameworks */ = {
			isa = PBXFrameworksBuildPhase;
			buildActionMask = 2147483647;
			files = (
			);
			runOnlyForDeploymentPostprocessing = 0;
		};
/* End PBXFrameworksBuildPhase section */

/* Begin PBXGroup section */
		1F11FD3A1D8DD957008D59A6 = {
			isa = PBXGroup;
			children = (
				1F11FD451D8DD958008D59A6 /* NormanScript */,
				1F11FD521D8DDC55008D59A6 /* NormanScriptTests */,
				1F11FD441D8DD958008D59A6 /* Products */,
			);
			sourceTree = "<group>";
		};
		1F11FD441D8DD958008D59A6 /* Products */ = {
			isa = PBXGroup;
			children = (
				1F11FD431D8DD958008D59A6 /* NormanScript */,
				1F11FD511D8DDC55008D59A6 /* NormanScriptTests.xctest */,
			);
			name = Products;
			sourceTree = "<group>";
		};
		1F11FD451D8DD958008D59A6 /* NormanScript */ = {
			isa = PBXGroup;
			children = (
				1F11FD461D8DD958008D59A6 /* main.swift */,
				1F11FD651D8E75A9008D59A6 /* Framework */,
				1F3958381DEE6D560051F044 /* Drawings */,
			);
			path = NormanScript;
			sourceTree = "<group>";
		};
		1F11FD521D8DDC55008D59A6 /* NormanScriptTests */ = {
			isa = PBXGroup;
			children = (
				1F11FD531D8DDC55008D59A6 /* NormanScriptTests.swift */,
				1F11FD551D8DDC55008D59A6 /* Info.plist */,
			);
			path = NormanScriptTests;
			sourceTree = "<group>";
		};
		1F11FD601D8E7576008D59A6 /* Primitives */ = {
			isa = PBXGroup;
			children = (
				1F11FD5C1D8E7434008D59A6 /* Shape.swift */,
				1F39582B1DE7E9580051F044 /* Point.swift */,
				1F5487A21E17A2B100FD4D59 /* Corner.swift */,
				1F11FD611D8E7580008D59A6 /* Line.swift */,
				1F11FD631D8E7597008D59A6 /* Circle.swift */,
				1F43A7371E27EEB600B7CA9D /* Rectangle.swift */,
				1F6351D91E09ABE20019B93D /* Trapezoid.swift */,
				1F1D10BA1E31635400C3C0DD /* Polyline.swift */,
				1F3958361DEE6AB90051F044 /* Polygon.swift */,
				1F5487A41E17A2E100FD4D59 /* RoundedPolygon.swift */,
				1F39583B1DEE6F100051F044 /* _Pentagon.swift */,
			);
			name = Primitives;
			sourceTree = "<group>";
		};
		1F11FD651D8E75A9008D59A6 /* Framework */ = {
			isa = PBXGroup;
			children = (
				1F11FD601D8E7576008D59A6 /* Primitives */,
				1F1D10C11E316E1600C3C0DD /* ExportFunctions */,
				1F1D10C01E316E1100C3C0DD /* Math Functions */,
				1F1D10BF1E316DF800C3C0DD /* Swift Extensions */,
				1F1D10BC1E316CAF00C3C0DD /* Norman Types */,
				1F54879F1E17980F00FD4D59 /* SVG Related */,
			);
			name = Framework;
			sourceTree = "<group>";
		};
		1F1D10BC1E316CAF00C3C0DD /* Norman Types */ = {
			isa = PBXGroup;
			children = (
				1F11FD5E1D8E74A9008D59A6 /* DisplayProperties.swift */,
				1F3958291DE7DCB50051F044 /* Matrix.swift */,
				1F1D10BD1E316CDB00C3C0DD /* Color.swift */,
			);
			name = "Norman Types";
			sourceTree = "<group>";
		};
		1F1D10BF1E316DF800C3C0DD /* Swift Extensions */ = {
			isa = PBXGroup;
			children = (
				1F11FD5A1D8E73AA008D59A6 /* SwiftExtensions.swift */,
			);
			name = "Swift Extensions";
			sourceTree = "<group>";
		};
		1F1D10C01E316E1100C3C0DD /* Math Functions */ = {
			isa = PBXGroup;
			children = (
				1F5C2BB81D9B02B200BFA222 /* MathFunctions.swift */,
			);
			name = "Math Functions";
			sourceTree = "<group>";
		};
		1F1D10C11E316E1600C3C0DD /* ExportFunctions */ = {
			isa = PBXGroup;
			children = (
				1F5C2BB61D9B012300BFA222 /* ExportFunctions.swift */,
			);
			name = ExportFunctions;
			sourceTree = "<group>";
		};
		1F3958381DEE6D560051F044 /* Drawings */ = {
			isa = PBXGroup;
			children = (
				1F3958391DEE6D720051F044 /* Dragon_Curve.swift */,
				1FD863341E059FB500C12C3D /* Pentagon_Flower.swift */,
				1F6351DF1E0E2A260019B93D /* Fireplace.swift */,
				1F6351E11E1575CF0019B93D /* Tiny_Piano.swift */,
				1F43A7391E27EED600B7CA9D /* Paperweight.swift */,
				1F1D10B81E312DDD00C3C0DD /* Floating_Shelves.swift */,
			);
			name = Drawings;
			sourceTree = "<group>";
		};
		1F54879F1E17980F00FD4D59 /* SVG Related */ = {
			isa = PBXGroup;
			children = (
				1F5487A01E17982200FD4D59 /* SVGPath.swift */,
			);
			name = "SVG Related";
			sourceTree = "<group>";
		};
/* End PBXGroup section */

/* Begin PBXNativeTarget section */
		1F11FD421D8DD958008D59A6 /* NormanScript */ = {
			isa = PBXNativeTarget;
			buildConfigurationList = 1F11FD4A1D8DD958008D59A6 /* Build configuration list for PBXNativeTarget "NormanScript" */;
			buildPhases = (
				1F11FD3F1D8DD958008D59A6 /* Sources */,
				1F11FD401D8DD958008D59A6 /* Frameworks */,
				1F11FD411D8DD958008D59A6 /* CopyFiles */,
			);
			buildRules = (
			);
			dependencies = (
			);
			name = NormanScript;
			productName = NormanScript;
			productReference = 1F11FD431D8DD958008D59A6 /* NormanScript */;
			productType = "com.apple.product-type.tool";
		};
		1F11FD501D8DDC55008D59A6 /* NormanScriptTests */ = {
			isa = PBXNativeTarget;
			buildConfigurationList = 1F11FD561D8DDC55008D59A6 /* Build configuration list for PBXNativeTarget "NormanScriptTests" */;
			buildPhases = (
				1F11FD4D1D8DDC55008D59A6 /* Sources */,
				1F11FD4E1D8DDC55008D59A6 /* Frameworks */,
				1F11FD4F1D8DDC55008D59A6 /* Resources */,
			);
			buildRules = (
			);
			dependencies = (
			);
			name = NormanScriptTests;
			productName = NormanScriptTests;
			productReference = 1F11FD511D8DDC55008D59A6 /* NormanScriptTests.xctest */;
			productType = "com.apple.product-type.bundle.unit-test";
		};
/* End PBXNativeTarget section */

/* Begin PBXProject section */
		1F11FD3B1D8DD957008D59A6 /* Project object */ = {
			isa = PBXProject;
			attributes = {
				LastSwiftUpdateCheck = 0800;
				LastUpgradeCheck = 0800;
				ORGANIZATIONNAME = BranchComputing;
				TargetAttributes = {
					1F11FD421D8DD958008D59A6 = {
						CreatedOnToolsVersion = 8.0;
						DevelopmentTeam = V33YY39YAX;
						ProvisioningStyle = Automatic;
					};
					1F11FD501D8DDC55008D59A6 = {
						CreatedOnToolsVersion = 8.0;
						DevelopmentTeam = V33YY39YAX;
						ProvisioningStyle = Automatic;
					};
				};
			};
			buildConfigurationList = 1F11FD3E1D8DD957008D59A6 /* Build configuration list for PBXProject "NormanScript" */;
			compatibilityVersion = "Xcode 3.2";
			developmentRegion = English;
			hasScannedForEncodings = 0;
			knownRegions = (
				en,
			);
			mainGroup = 1F11FD3A1D8DD957008D59A6;
			productRefGroup = 1F11FD441D8DD958008D59A6 /* Products */;
			projectDirPath = "";
			projectRoot = "";
			targets = (
				1F11FD421D8DD958008D59A6 /* NormanScript */,
				1F11FD501D8DDC55008D59A6 /* NormanScriptTests */,
			);
		};
/* End PBXProject section */

/* Begin PBXResourcesBuildPhase section */
		1F11FD4F1D8DDC55008D59A6 /* Resources */ = {
			isa = PBXResourcesBuildPhase;
			buildActionMask = 2147483647;
			files = (
			);
			runOnlyForDeploymentPostprocessing = 0;
		};
/* End PBXResourcesBuildPhase section */

/* Begin PBXSourcesBuildPhase section */
		1F11FD3F1D8DD958008D59A6 /* Sources */ = {
			isa = PBXSourcesBuildPhase;
			buildActionMask = 2147483647;
			files = (
				1F1D10BB1E31635400C3C0DD /* Polyline.swift in Sources */,
				1F5487A51E17A2E100FD4D59 /* RoundedPolygon.swift in Sources */,
				1F6351DE1E0D918A0019B93D /* Polygon.swift in Sources */,
				1F11FD5F1D8E74A9008D59A6 /* DisplayProperties.swift in Sources */,
				1F5C2BB91D9B02B200BFA222 /* MathFunctions.swift in Sources */,
				1F1D10BE1E316CDB00C3C0DD /* Color.swift in Sources */,
				1F39582A1DE7DCB50051F044 /* Matrix.swift in Sources */,
				1FBE330C1E1A180E0078CFC1 /* Tiny_Piano.swift in Sources */,
				1F11FD471D8DD958008D59A6 /* main.swift in Sources */,
				1F43A73A1E27EED600B7CA9D /* Paperweight.swift in Sources */,
				1F5487A11E17982200FD4D59 /* SVGPath.swift in Sources */,
				1F54879E1E16CACC00FD4D59 /* Circle.swift in Sources */,
				1F5487A31E17A2B100FD4D59 /* Corner.swift in Sources */,
				1F11FD5D1D8E7434008D59A6 /* Shape.swift in Sources */,
				1F6351DA1E09ABE20019B93D /* Trapezoid.swift in Sources */,
				1F1D10B91E312DDD00C3C0DD /* Floating_Shelves.swift in Sources */,
				1F43A7381E27EEB600B7CA9D /* Rectangle.swift in Sources */,
				1F11FD5B1D8E73AA008D59A6 /* SwiftExtensions.swift in Sources */,
				1F39582C1DE7E9580051F044 /* Point.swift in Sources */,
				1F11FD621D8E7580008D59A6 /* Line.swift in Sources */,
				1F5C2BB71D9B012300BFA222 /* ExportFunctions.swift in Sources */,
			);
			runOnlyForDeploymentPostprocessing = 0;
		};
		1F11FD4D1D8DDC55008D59A6 /* Sources */ = {
			isa = PBXSourcesBuildPhase;
			buildActionMask = 2147483647;
			files = (
				1F11FD591D8DDD53008D59A6 /* main.swift in Sources */,
				1F11FD541D8DDC55008D59A6 /* NormanScriptTests.swift in Sources */,
			);
			runOnlyForDeploymentPostprocessing = 0;
		};
/* End PBXSourcesBuildPhase section */

/* Begin XCBuildConfiguration section */
		1F11FD481D8DD958008D59A6 /* Debug */ = {
			isa = XCBuildConfiguration;
			buildSettings = {
				ALWAYS_SEARCH_USER_PATHS = NO;
				CLANG_ANALYZER_NONNULL = YES;
				CLANG_CXX_LANGUAGE_STANDARD = "gnu++0x";
				CLANG_CXX_LIBRARY = "libc++";
				CLANG_ENABLE_MODULES = YES;
				CLANG_ENABLE_OBJC_ARC = YES;
				CLANG_WARN_BOOL_CONVERSION = YES;
				CLANG_WARN_CONSTANT_CONVERSION = YES;
				CLANG_WARN_DIRECT_OBJC_ISA_USAGE = YES_ERROR;
				CLANG_WARN_DOCUMENTATION_COMMENTS = YES;
				CLANG_WARN_EMPTY_BODY = YES;
				CLANG_WARN_ENUM_CONVERSION = YES;
				CLANG_WARN_INFINITE_RECURSION = YES;
				CLANG_WARN_INT_CONVERSION = YES;
				CLANG_WARN_OBJC_ROOT_CLASS = YES_ERROR;
				CLANG_WARN_SUSPICIOUS_MOVES = YES;
				CLANG_WARN_UNREACHABLE_CODE = YES;
				CLANG_WARN__DUPLICATE_METHOD_MATCH = YES;
				CODE_SIGN_IDENTITY = "-";
				COPY_PHASE_STRIP = NO;
				DEBUG_INFORMATION_FORMAT = dwarf;
				ENABLE_STRICT_OBJC_MSGSEND = YES;
				ENABLE_TESTABILITY = YES;
				GCC_C_LANGUAGE_STANDARD = gnu99;
				GCC_DYNAMIC_NO_PIC = NO;
				GCC_NO_COMMON_BLOCKS = YES;
				GCC_OPTIMIZATION_LEVEL = 0;
				GCC_PREPROCESSOR_DEFINITIONS = (
					"DEBUG=1",
					"$(inherited)",
				);
				GCC_WARN_64_TO_32_BIT_CONVERSION = YES;
				GCC_WARN_ABOUT_RETURN_TYPE = YES_ERROR;
				GCC_WARN_UNDECLARED_SELECTOR = YES;
				GCC_WARN_UNINITIALIZED_AUTOS = YES_AGGRESSIVE;
				GCC_WARN_UNUSED_FUNCTION = YES;
				GCC_WARN_UNUSED_VARIABLE = YES;
				MACOSX_DEPLOYMENT_TARGET = 10.11;
				MTL_ENABLE_DEBUG_INFO = YES;
				ONLY_ACTIVE_ARCH = YES;
				SDKROOT = macosx;
				SWIFT_OPTIMIZATION_LEVEL = "-Onone";
			};
			name = Debug;
		};
		1F11FD491D8DD958008D59A6 /* Release */ = {
			isa = XCBuildConfiguration;
			buildSettings = {
				ALWAYS_SEARCH_USER_PATHS = NO;
				CLANG_ANALYZER_NONNULL = YES;
				CLANG_CXX_LANGUAGE_STANDARD = "gnu++0x";
				CLANG_CXX_LIBRARY = "libc++";
				CLANG_ENABLE_MODULES = YES;
				CLANG_ENABLE_OBJC_ARC = YES;
				CLANG_WARN_BOOL_CONVERSION = YES;
				CLANG_WARN_CONSTANT_CONVERSION = YES;
				CLANG_WARN_DIRECT_OBJC_ISA_USAGE = YES_ERROR;
				CLANG_WARN_DOCUMENTATION_COMMENTS = YES;
				CLANG_WARN_EMPTY_BODY = YES;
				CLANG_WARN_ENUM_CONVERSION = YES;
				CLANG_WARN_INFINITE_RECURSION = YES;
				CLANG_WARN_INT_CONVERSION = YES;
				CLANG_WARN_OBJC_ROOT_CLASS = YES_ERROR;
				CLANG_WARN_SUSPICIOUS_MOVES = YES;
				CLANG_WARN_UNREACHABLE_CODE = YES;
				CLANG_WARN__DUPLICATE_METHOD_MATCH = YES;
				CODE_SIGN_IDENTITY = "-";
				COPY_PHASE_STRIP = NO;
				DEBUG_INFORMATION_FORMAT = "dwarf-with-dsym";
				ENABLE_NS_ASSERTIONS = NO;
				ENABLE_STRICT_OBJC_MSGSEND = YES;
				GCC_C_LANGUAGE_STANDARD = gnu99;
				GCC_NO_COMMON_BLOCKS = YES;
				GCC_WARN_64_TO_32_BIT_CONVERSION = YES;
				GCC_WARN_ABOUT_RETURN_TYPE = YES_ERROR;
				GCC_WARN_UNDECLARED_SELECTOR = YES;
				GCC_WARN_UNINITIALIZED_AUTOS = YES_AGGRESSIVE;
				GCC_WARN_UNUSED_FUNCTION = YES;
				GCC_WARN_UNUSED_VARIABLE = YES;
				MACOSX_DEPLOYMENT_TARGET = 10.11;
				MTL_ENABLE_DEBUG_INFO = NO;
				SDKROOT = macosx;
			};
			name = Release;
		};
		1F11FD4B1D8DD958008D59A6 /* Debug */ = {
			isa = XCBuildConfiguration;
			buildSettings = {
				DEVELOPMENT_TEAM = V33YY39YAX;
				PRODUCT_NAME = "$(TARGET_NAME)";
				SWIFT_VERSION = 3.0;
			};
			name = Debug;
		};
		1F11FD4C1D8DD958008D59A6 /* Release */ = {
			isa = XCBuildConfiguration;
			buildSettings = {
				DEVELOPMENT_TEAM = V33YY39YAX;
				PRODUCT_NAME = "$(TARGET_NAME)";
				SWIFT_VERSION = 3.0;
			};
			name = Release;
		};
		1F11FD571D8DDC55008D59A6 /* Debug */ = {
			isa = XCBuildConfiguration;
			buildSettings = {
				COMBINE_HIDPI_IMAGES = YES;
				DEVELOPMENT_TEAM = V33YY39YAX;
				INFOPLIST_FILE = NormanScriptTests/Info.plist;
				LD_RUNPATH_SEARCH_PATHS = "$(inherited) @executable_path/../Frameworks @loader_path/../Frameworks";
				PRODUCT_BUNDLE_IDENTIFIER = com.BranchComputing.NormanScriptTests;
				PRODUCT_NAME = "$(TARGET_NAME)";
				SWIFT_ACTIVE_COMPILATION_CONDITIONS = DEBUG;
				SWIFT_VERSION = 3.0;
			};
			name = Debug;
		};
		1F11FD581D8DDC55008D59A6 /* Release */ = {
			isa = XCBuildConfiguration;
			buildSettings = {
				COMBINE_HIDPI_IMAGES = YES;
				DEVELOPMENT_TEAM = V33YY39YAX;
				INFOPLIST_FILE = NormanScriptTests/Info.plist;
				LD_RUNPATH_SEARCH_PATHS = "$(inherited) @executable_path/../Frameworks @loader_path/../Frameworks";
				PRODUCT_BUNDLE_IDENTIFIER = com.BranchComputing.NormanScriptTests;
				PRODUCT_NAME = "$(TARGET_NAME)";
				SWIFT_OPTIMIZATION_LEVEL = "-Owholemodule";
				SWIFT_VERSION = 3.0;
			};
			name = Release;
		};
/* End XCBuildConfiguration section */

/* Begin XCConfigurationList section */
		1F11FD3E1D8DD957008D59A6 /* Build configuration list for PBXProject "NormanScript" */ = {
			isa = XCConfigurationList;
			buildConfigurations = (
				1F11FD481D8DD958008D59A6 /* Debug */,
				1F11FD491D8DD958008D59A6 /* Release */,
			);
			defaultConfigurationIsVisible = 0;
			defaultConfigurationName = Release;
		};
		1F11FD4A1D8DD958008D59A6 /* Build configuration list for PBXNativeTarget "NormanScript" */ = {
			isa = XCConfigurationList;
			buildConfigurations = (
				1F11FD4B1D8DD958008D59A6 /* Debug */,
				1F11FD4C1D8DD958008D59A6 /* Release */,
			);
			defaultConfigurationIsVisible = 0;
			defaultConfigurationName = Release;
		};
		1F11FD561D8DDC55008D59A6 /* Build configuration list for PBXNativeTarget "NormanScriptTests" */ = {
			isa = XCConfigurationList;
			buildConfigurations = (
				1F11FD571D8DDC55008D59A6 /* Debug */,
				1F11FD581D8DDC55008D59A6 /* Release */,
			);
			defaultConfigurationIsVisible = 0;
			defaultConfigurationName = Release;
		};
/* End XCConfigurationList section */
	};
	rootObject = 1F11FD3B1D8DD957008D59A6 /* Project object */;
}
